
Microsoft Visual Studio Solution File, Format Version 12.00
# Visual Studio Version 16
VisualStudioVersion = 16.0.31112.23
MinimumVisualStudioVersion = 10.0.40219.1
Project("{FAE04EC0-301F-11D3-BF4B-00C04F79EFBC}") = "VulnerableSQLInjection", "VulnerableSQLInjection.csproj", "{39CCA64E-54AA-4DBC-952F-EB4F019001C0}"
EndProject
Global
	GlobalSection(SolutionConfigurationPlatforms) = preSolution
		Debug|Any CPU = Debug|Any CPU
		Release|Any CPU = Release|Any CPU
	EndGlobalSection
	GlobalSection(ProjectConfigurationPlatforms) = postSolution
		{39CCA64E-54AA-4DBC-952F-EB4F019001C0}.Debug|Any CPU.ActiveCfg = Debug|Any CPU
		{39CCA64E-54AA-4DBC-952F-EB4F019001C0}.Debug|Any CPU.Build.0 = Debug|Any CPU
		{39CCA64E-54AA-4DBC-952F-EB4F019001C0}.Release|Any CPU.ActiveCfg = Release|Any CPU
		{39CCA64E-54AA-4DBC-952F-EB4F019001C0}.Release|Any CPU.Build.0 = Release|Any CPU
	EndGlobalSection
	GlobalSection(SolutionProperties) = preSolution
		HideSolutionNode = FALSE
	EndGlobalSection
	GlobalSection(ExtensibilityGlobals) = postSolution
		SolutionGuid = {62AF26AD-8AF2-40C0-B282-6FC7BC841E45}
	EndGlobalSection
EndGlobal
